
Microsoft Visual Studio Solution File, Format Version 12.00
# Visual Studio 15
VisualStudioVersion = 15.0.28307.572
MinimumVisualStudioVersion = 10.0.40219.1
Project("{FAE04EC0-301F-11D3-BF4B-00C04F79EFBC}") = "Persons.Service", "Persons.Service\Persons.Service.csproj", "{1C881D25-CA58-45AF-9C08-393110B6B217}"
EndProject
Project("{FAE04EC0-301F-11D3-BF4B-00C04F79EFBC}") = "Persons", "Persons\Persons.csproj", "{24674927-58EE-45E0-910C-3D16B1EB83C2}"
EndProject
Global
	GlobalSection(SolutionConfigurationPlatforms) = preSolution
		Debug|Any CPU = Debug|Any CPU
		Release|Any CPU = Release|Any CPU
	EndGlobalSection
	GlobalSection(ProjectConfigurationPlatforms) = postSolution
		{1C881D25-CA58-45AF-9C08-393110B6B217}.Debug|Any CPU.ActiveCfg = Debug|Any CPU
		{1C881D25-CA58-45AF-9C08-393110B6B217}.Debug|Any CPU.Build.0 = Debug|Any CPU
		{1C881D25-CA58-45AF-9C08-393110B6B217}.Release|Any CPU.ActiveCfg = Release|Any CPU
		{1C881D25-CA58-45AF-9C08-393110B6B217}.Release|Any CPU.Build.0 = Release|Any CPU
		{24674927-58EE-45E0-910C-3D16B1EB83C2}.Debug|Any CPU.ActiveCfg = Debug|Any CPU
		{24674927-58EE-45E0-910C-3D16B1EB83C2}.Debug|Any CPU.Build.0 = Debug|Any CPU
		{24674927-58EE-45E0-910C-3D16B1EB83C2}.Release|Any CPU.ActiveCfg = Release|Any CPU
		{24674927-58EE-45E0-910C-3D16B1EB83C2}.Release|Any CPU.Build.0 = Release|Any CPU
	EndGlobalSection
	GlobalSection(SolutionProperties) = preSolution
		HideSolutionNode = FALSE
	EndGlobalSection
	GlobalSection(ExtensibilityGlobals) = postSolution
		SolutionGuid = {6A779281-00EF-4782-BD70-7A0E2D6DC798}
	EndGlobalSection
EndGlobal
